
Microsoft Visual Studio Solution File, Format Version 12.00
# Visual Studio Version 17
VisualStudioVersion = 17.3.32929.385
MinimumVisualStudioVersion = 10.0.40219.1
Project("{FAE04EC0-301F-11D3-BF4B-00C04F79EFBC}") = "rpgMap", "rpgMap\rpgMap.csproj", "{6C4EBB89-E29E-4DC9-9055-E8A3C521E892}"
EndProject
Global
	GlobalSection(SolutionConfigurationPlatforms) = preSolution
		Debug|Any CPU = Debug|Any CPU
		Release|Any CPU = Release|Any CPU
	EndGlobalSection
	GlobalSection(ProjectConfigurationPlatforms) = postSolution
		{6C4EBB89-E29E-4DC9-9055-E8A3C521E892}.Debug|Any CPU.ActiveCfg = Debug|Any CPU
		{6C4EBB89-E29E-4DC9-9055-E8A3C521E892}.Debug|Any CPU.Build.0 = Debug|Any CPU
		{6C4EBB89-E29E-4DC9-9055-E8A3C521E892}.Release|Any CPU.ActiveCfg = Release|Any CPU
		{6C4EBB89-E29E-4DC9-9055-E8A3C521E892}.Release|Any CPU.Build.0 = Release|Any CPU
	EndGlobalSection
	GlobalSection(SolutionProperties) = preSolution
		HideSolutionNode = FALSE
	EndGlobalSection
	GlobalSection(ExtensibilityGlobals) = postSolution
		SolutionGuid = {580457DC-92DB-4A87-901B-9818746DAD39}
	EndGlobalSection
EndGlobal
